
Microsoft Visual Studio Solution File, Format Version 12.00
# Visual Studio Version 16
VisualStudioVersion = 16.0.33801.447
MinimumVisualStudioVersion = 10.0.40219.1
Project("{FAE04EC0-301F-11D3-BF4B-00C04F79EFBC}") = "E-commerce", "E-commerce.csproj", "{A163190D-2F92-423D-BAA8-E4305C96A706}"
EndProject
Project("{FAE04EC0-301F-11D3-BF4B-00C04F79EFBC}") = "E-commerce.Client", "..\E-commerce.Client\E-commerce.Client.csproj", "{3F96F304-41B1-4FC5-8F17-B81514CA1941}"
EndProject
Global
	GlobalSection(SolutionConfigurationPlatforms) = preSolution
		Debug|Any CPU = Debug|Any CPU
		Release|Any CPU = Release|Any CPU
	EndGlobalSection
	GlobalSection(ProjectConfigurationPlatforms) = postSolution
		{A163190D-2F92-423D-BAA8-E4305C96A706}.Debug|Any CPU.ActiveCfg = Debug|Any CPU
		{A163190D-2F92-423D-BAA8-E4305C96A706}.Debug|Any CPU.Build.0 = Debug|Any CPU
		{A163190D-2F92-423D-BAA8-E4305C96A706}.Release|Any CPU.ActiveCfg = Release|Any CPU
		{A163190D-2F92-423D-BAA8-E4305C96A706}.Release|Any CPU.Build.0 = Release|Any CPU
		{3F96F304-41B1-4FC5-8F17-B81514CA1941}.Debug|Any CPU.ActiveCfg = Debug|Any CPU
		{3F96F304-41B1-4FC5-8F17-B81514CA1941}.Debug|Any CPU.Build.0 = Debug|Any CPU
		{3F96F304-41B1-4FC5-8F17-B81514CA1941}.Release|Any CPU.ActiveCfg = Release|Any CPU
		{3F96F304-41B1-4FC5-8F17-B81514CA1941}.Release|Any CPU.Build.0 = Release|Any CPU
	EndGlobalSection
	GlobalSection(SolutionProperties) = preSolution
		HideSolutionNode = FALSE
	EndGlobalSection
	GlobalSection(ExtensibilityGlobals) = postSolution
		SolutionGuid = {3BDEF085-F1DB-45AF-9005-2B07270C4361}
	EndGlobalSection
EndGlobal
