
Microsoft Visual Studio Solution File, Format Version 12.00
# Visual Studio Version 16
VisualStudioVersion = 16.0.33801.447
MinimumVisualStudioVersion = 10.0.40219.1
Project("{FAE04EC0-301F-11D3-BF4B-00C04F79EFBC}") = "E-Commerce", "E-Commerce.csproj", "{FE0069EC-C0DF-459B-A587-D53F1A33EED6}"
EndProject
Project("{FAE04EC0-301F-11D3-BF4B-00C04F79EFBC}") = "E-commerce.Client", "..\E-commerce.Client\E-commerce.Client.csproj", "{AFC06778-7512-4856-9457-758B8421D6AE}"
	ProjectSection(ProjectDependencies) = postProject
		{FE0069EC-C0DF-459B-A587-D53F1A33EED6} = {FE0069EC-C0DF-459B-A587-D53F1A33EED6}
	EndProjectSection
EndProject
Global
	GlobalSection(SolutionConfigurationPlatforms) = preSolution
		Debug|Any CPU = Debug|Any CPU
		Release|Any CPU = Release|Any CPU
	EndGlobalSection
	GlobalSection(ProjectConfigurationPlatforms) = postSolution
		{FE0069EC-C0DF-459B-A587-D53F1A33EED6}.Debug|Any CPU.ActiveCfg = Debug|Any CPU
		{FE0069EC-C0DF-459B-A587-D53F1A33EED6}.Debug|Any CPU.Build.0 = Debug|Any CPU
		{FE0069EC-C0DF-459B-A587-D53F1A33EED6}.Release|Any CPU.ActiveCfg = Release|Any CPU
		{FE0069EC-C0DF-459B-A587-D53F1A33EED6}.Release|Any CPU.Build.0 = Release|Any CPU
		{AFC06778-7512-4856-9457-758B8421D6AE}.Debug|Any CPU.ActiveCfg = Debug|Any CPU
		{AFC06778-7512-4856-9457-758B8421D6AE}.Debug|Any CPU.Build.0 = Debug|Any CPU
		{AFC06778-7512-4856-9457-758B8421D6AE}.Release|Any CPU.ActiveCfg = Release|Any CPU
		{AFC06778-7512-4856-9457-758B8421D6AE}.Release|Any CPU.Build.0 = Release|Any CPU
	EndGlobalSection
	GlobalSection(SolutionProperties) = preSolution
		HideSolutionNode = FALSE
	EndGlobalSection
	GlobalSection(ExtensibilityGlobals) = postSolution
		SolutionGuid = {88ED77DA-A3D7-4911-A848-181D99935B29}
	EndGlobalSection
EndGlobal
